<?xml version="1.0" encoding="utf-8"?>
<Project ToolsVersion="4.0" xmlns="http://schemas.microsoft.com/developer/msbuild/2003">
  <ItemGroup>
    <ClCompile Include="PollingAnalyser.cpp" />
    <ClCompile Include="ProjectFrame.cpp">
      <Filter>Source Files</Filter>
    </ClCompile>
    <ClCompile Include="ParentFrame.cpp">
      <Filter>Source Files</Filter>
    </ClCompile>
    <ClCompile Include="EditModelFrame.cpp">
      <Filter>Source Files\Dialog Boxes</Filter>
    </ClCompile>
    <ClCompile Include="EditPartyFrame.cpp">
      <Filter>Source Files\Dialog Boxes</Filter>
    </ClCompile>
    <ClCompile Include="EditPollFrame.cpp">
      <Filter>Source Files\Dialog Boxes</Filter>
    </ClCompile>
    <ClCompile Include="EditPollsterFrame.cpp">
      <Filter>Source Files\Dialog Boxes</Filter>
    </ClCompile>
    <ClCompile Include="GenericChildFrame.cpp">
      <Filter>Source Files\Tabbed Frames</Filter>
    </ClCompile>
    <ClCompile Include="ModelsFrame.cpp">
      <Filter>Source Files\Tabbed Frames</Filter>
    </ClCompile>
    <ClCompile Include="NewProjectFrame.cpp">
      <Filter>Source Files\Dialog Boxes</Filter>
    </ClCompile>
    <ClCompile Include="PartiesFrame.cpp">
      <Filter>Source Files\Tabbed Frames</Filter>
    </ClCompile>
    <ClCompile Include="PollingProject.cpp">
      <Filter>Source Files</Filter>
    </ClCompile>
    <ClCompile Include="PollsFrame.cpp">
      <Filter>Source Files\Tabbed Frames</Filter>
    </ClCompile>
    <ClCompile Include="PollstersFrame.cpp">
      <Filter>Source Files\Tabbed Frames</Filter>
    </ClCompile>
    <ClCompile Include="VisualiserFrame.cpp">
      <Filter>Source Files\Tabbed Frames</Filter>
    </ClCompile>
    <ClCompile Include="ProjectionsFrame.cpp">
      <Filter>Source Files\Tabbed Frames</Filter>
    </ClCompile>
    <ClCompile Include="EditProjectionFrame.cpp">
      <Filter>Source Files\Dialog Boxes</Filter>
    </ClCompile>
    <ClCompile Include="EditRegionFrame.cpp">
      <Filter>Source Files\Dialog Boxes</Filter>
    </ClCompile>
    <ClCompile Include="RegionsFrame.cpp">
      <Filter>Source Files\Tabbed Frames</Filter>
    </ClCompile>
    <ClCompile Include="SeatsFrame.cpp">
      <Filter>Source Files\Tabbed Frames</Filter>
    </ClCompile>
    <ClCompile Include="EditSeatFrame.cpp">
      <Filter>Source Files\Dialog Boxes</Filter>
    </ClCompile>
    <ClCompile Include="SimulationsFrame.cpp">
      <Filter>Source Files\Tabbed Frames</Filter>
    </ClCompile>
    <ClCompile Include="EditSimulationFrame.cpp">
      <Filter>Source Files\Dialog Boxes</Filter>
    </ClCompile>
    <ClCompile Include="DisplayFrame.cpp">
      <Filter>Source Files\Tabbed Frames</Filter>
    </ClCompile>
    <ClCompile Include="ResultsFrame.cpp">
      <Filter>Source Files\Tabbed Frames</Filter>
    </ClCompile>
    <ClCompile Include="Simulation.cpp">
      <Filter>Source Files\Process Objects</Filter>
    </ClCompile>
    <ClCompile Include="Projection.cpp">
      <Filter>Source Files\Process Objects</Filter>
    </ClCompile>
    <ClCompile Include="NonClassicFrame.cpp">
      <Filter>Source Files\Dialog Boxes</Filter>
    </ClCompile>
    <ClCompile Include="unzip.cpp">
      <Filter>Source Files\Utility</Filter>
    </ClCompile>
    <ClCompile Include="General.cpp">
      <Filter>Source Files\Utility</Filter>
    </ClCompile>
    <ClCompile Include="ResultsDownloader.cpp">
      <Filter>Source Files\Utility</Filter>
    </ClCompile>
    <ClCompile Include="PreviousElectionDataRetriever.cpp">
      <Filter>Source Files\Data Processing</Filter>
    </ClCompile>
    <ClCompile Include="PreloadDataRetriever.cpp">
      <Filter>Source Files\Data Processing</Filter>
    </ClCompile>
    <ClCompile Include="DownloadFrame.cpp">
      <Filter>Source Files\Tabbed Frames</Filter>
    </ClCompile>
    <ClCompile Include="LatestResultsDataRetriever.cpp">
      <Filter>Source Files\Data Processing</Filter>
    </ClCompile>
    <ClCompile Include="Log.cpp">
      <Filter>Source Files\Utility</Filter>
    </ClCompile>
    <ClCompile Include="MapFrame.cpp">
      <Filter>Source Files\Tabbed Frames</Filter>
    </ClCompile>
    <ClCompile Include="Points.cpp">
      <Filter>Source Files\Utility</Filter>
    </ClCompile>
    <ClCompile Include="PartyCollection.cpp">
      <Filter>Source Files\Project Sections</Filter>
    </ClCompile>
    <ClCompile Include="TextInput.cpp">
      <Filter>Source Files\Dialog Boxes</Filter>
    </ClCompile>
    <ClCompile Include="FloatInput.cpp">
      <Filter>Source Files\Dialog Boxes</Filter>
    </ClCompile>
    <ClCompile Include="ColourInput.cpp">
      <Filter>Source Files\Dialog Boxes</Filter>
    </ClCompile>
    <ClCompile Include="ChoiceInput.cpp">
      <Filter>Source Files\Dialog Boxes</Filter>
    </ClCompile>
    <ClCompile Include="CheckInput.cpp">
      <Filter>Source Files\Dialog Boxes</Filter>
    </ClCompile>
    <ClCompile Include="PollsterCollection.cpp">
      <Filter>Source Files\Project Sections</Filter>
    </ClCompile>
    <ClCompile Include="PollCollection.cpp">
      <Filter>Source Files\Project Sections</Filter>
    </ClCompile>
    <ClCompile Include="IntInput.cpp">
      <Filter>Source Files\Dialog Boxes</Filter>
    </ClCompile>
    <ClCompile Include="ModelCollection.cpp">
      <Filter>Source Files\Project Sections</Filter>
    </ClCompile>
    <ClCompile Include="DateInput.cpp">
      <Filter>Source Files\Dialog Boxes</Filter>
    </ClCompile>
    <ClCompile Include="ProjectionCollection.cpp">
      <Filter>Source Files\Project Sections</Filter>
    </ClCompile>
    <ClCompile Include="RegionCollection.cpp">
      <Filter>Source Files\Project Sections</Filter>
    </ClCompile>
    <ClCompile Include="SeatCollection.cpp">
      <Filter>Source Files\Project Sections</Filter>
    </ClCompile>
    <ClCompile Include="SimulationCollection.cpp">
      <Filter>Source Files\Project Sections</Filter>
    </ClCompile>
    <ClCompile Include="DisplayFrameRenderer.cpp">
      <Filter>Source Files\Tabbed Frames</Filter>
    </ClCompile>
    <ClCompile Include="SimulationRun.cpp">
      <Filter>Source Files\Process Objects</Filter>
    </ClCompile>
    <ClCompile Include="QuickTest.cpp">
      <Filter>Source Files</Filter>
    </ClCompile>
    <ClCompile Include="SimulationPreparation.cpp">
      <Filter>Source Files\Process Objects</Filter>
    </ClCompile>
    <ClCompile Include="SimulationIteration.cpp">
      <Filter>Source Files\Process Objects</Filter>
    </ClCompile>
    <ClCompile Include="SimulationCompletion.cpp">
      <Filter>Source Files\Process Objects</Filter>
    </ClCompile>
    <ClCompile Include="ResultCoordinator.cpp">
      <Filter>Source Files\Project Sections</Filter>
    </ClCompile>
    <ClCompile Include="SaveIO.cpp">
      <Filter>Source Files\Utility</Filter>
    </ClCompile>
    <ClCompile Include="ProjectFiler.cpp">
      <Filter>Source Files\Project Sections</Filter>
    </ClCompile>
    <ClCompile Include="PartySettingsFrame.cpp">
      <Filter>Source Files\Project Sections</Filter>
    </ClCompile>
    <ClCompile Include="C:\C++ Libraries\TinyXml2\tinyxml2-master\tinyxml2.cpp">
      <Filter>Source Files\Utility</Filter>
    </ClCompile>
    <ClCompile Include="AnalysisFrame.cpp">
      <Filter>Source Files\Tabbed Frames</Filter>
    </ClCompile>
    <ClCompile Include="ElectionAnalyser.cpp">
      <Filter>Source Files\Process Objects\Election Analyser</Filter>
    </ClCompile>
    <ClCompile Include="PartiesAnalyser.cpp">
      <Filter>Source Files\Process Objects\Election Analyser</Filter>
    </ClCompile>
    <ClCompile Include="AnalysisFrameRenderer.cpp">
      <Filter>Source Files\Tabbed Frames</Filter>
    </ClCompile>
    <ClCompile Include="ClusterAnalyser.cpp">
      <Filter>Source Files\Process Objects\Election Analyser</Filter>
    </ClCompile>
    <ClCompile Include="SwingAnalyser.cpp">
      <Filter>Source Files\Process Objects\Election Analyser</Filter>
    </ClCompile>
    <ClCompile Include="StanModel.cpp">
      <Filter>Source Files\Process Objects</Filter>
    </ClCompile>
    <ClCompile Include="ElectionCollection.cpp">
      <Filter>Source Files\Project Sections</Filter>
    </ClCompile>
    <ClCompile Include="OutcomeCollection.cpp">
      <Filter>Source Files\Project Sections</Filter>
    </ClCompile>
    <ClCompile Include="RandomGenerator.cpp">
      <Filter>Source Files\Utility</Filter>
    </ClCompile>
    <ClCompile Include="Config.cpp">
      <Filter>Source Files\Project Sections</Filter>
    </ClCompile>
    <ClCompile Include="ReportUploader.cpp">
      <Filter>Source Files\Process Objects</Filter>
    </ClCompile>
    <ClCompile Include="MacroRunner.cpp">
      <Filter>Source Files\Process Objects</Filter>
    </ClCompile>
    <ClCompile Include="ElectionData.cpp">
      <Filter>Source Files\Data Objects</Filter>
    </ClCompile>
    <ClCompile Include="..\..\..\..\..\C++ Libraries\dlib-19.24\dlib\all\source.cpp">
      <Filter>Source Files</Filter>
    </ClCompile>
    <ClCompile Include="LivePreparation.cpp">
      <Filter>Source Files\Process Objects</Filter>
    </ClCompile>
  </ItemGroup>
  <ItemGroup>
    <Filter Include="Header Files">
      <UniqueIdentifier>{056ec5d8-a074-4b74-9009-43f960027bba}</UniqueIdentifier>
    </Filter>
    <Filter Include="Source Files">
      <UniqueIdentifier>{2b8fc972-45bc-4ef2-8fb1-e70517edfdf6}</UniqueIdentifier>
    </Filter>
    <Filter Include="Header Files\Tabbed Frames">
      <UniqueIdentifier>{663f109b-fba6-4f39-93ec-7324cc96ea9a}</UniqueIdentifier>
    </Filter>
    <Filter Include="Header Files\Dialog Boxes">
      <UniqueIdentifier>{bce88d9e-6108-40ce-ad23-252cc7acd60b}</UniqueIdentifier>
    </Filter>
    <Filter Include="Header Files\Data Objects">
      <UniqueIdentifier>{696b0aaf-54c6-4a6f-9445-e200df5e8808}</UniqueIdentifier>
    </Filter>
    <Filter Include="Source Files\Dialog Boxes">
      <UniqueIdentifier>{2fb398b1-56b8-4559-820a-7f495c889ed4}</UniqueIdentifier>
    </Filter>
    <Filter Include="Source Files\Tabbed Frames">
      <UniqueIdentifier>{db23d37b-d55b-42ad-9bdd-a18c9bc05011}</UniqueIdentifier>
    </Filter>
    <Filter Include="Zip stuff">
      <UniqueIdentifier>{0568daec-01ef-4a02-8c98-395bd81c5731}</UniqueIdentifier>
    </Filter>
    <Filter Include="Header Files\Utility">
      <UniqueIdentifier>{04bc66c2-3371-4381-b150-e4589cb79e2d}</UniqueIdentifier>
    </Filter>
    <Filter Include="Source Files\Utility">
      <UniqueIdentifier>{3edddf0c-f28c-490d-b954-8dcc6c500541}</UniqueIdentifier>
    </Filter>
    <Filter Include="Header Files\Data Processing">
      <UniqueIdentifier>{70508ff0-2344-44b1-8bc8-7bbbd8763a8e}</UniqueIdentifier>
    </Filter>
    <Filter Include="Source Files\Data Processing">
      <UniqueIdentifier>{d593dfea-a1ab-44ad-b3fd-bc79500b18ca}</UniqueIdentifier>
    </Filter>
    <Filter Include="Header Files\Project Sections">
      <UniqueIdentifier>{46ecfa32-7c58-4d03-bde3-fc9ddbec2518}</UniqueIdentifier>
    </Filter>
    <Filter Include="Source Files\Project Sections">
      <UniqueIdentifier>{451e12ef-c0c8-45a7-9b99-3410d0a0385c}</UniqueIdentifier>
    </Filter>
    <Filter Include="Header Files\Process Objects">
      <UniqueIdentifier>{e7035529-7ea5-432c-b822-30623a3625fb}</UniqueIdentifier>
    </Filter>
    <Filter Include="Source Files\Process Objects">
      <UniqueIdentifier>{0d62a468-e7fa-468c-9517-e43acae4634b}</UniqueIdentifier>
    </Filter>
    <Filter Include="Header Files\Process Objects\Election Analysis">
      <UniqueIdentifier>{99678728-9804-482e-876f-daf7a10bae11}</UniqueIdentifier>
    </Filter>
    <Filter Include="Source Files\Process Objects\Election Analyser">
      <UniqueIdentifier>{55417993-f94d-4d34-a1e9-84ad57661aa2}</UniqueIdentifier>
    </Filter>
    <Filter Include="Source Files\Data Objects">
      <UniqueIdentifier>{7833fa88-b802-40ed-8a76-cc266dbde611}</UniqueIdentifier>
    </Filter>
  </ItemGroup>
  <ItemGroup>
    <ClInclude Include="PollingProject.h">
      <Filter>Header Files</Filter>
    </ClInclude>
    <ClInclude Include="NewProjectData.h">
      <Filter>Header Files</Filter>
    </ClInclude>
    <ClInclude Include="FileOpeningState.h">
      <Filter>Header Files</Filter>
    </ClInclude>
    <ClInclude Include="ProjectFrame.h">
      <Filter>Header Files</Filter>
    </ClInclude>
    <ClInclude Include="GenericChildFrame.h">
      <Filter>Header Files\Tabbed Frames</Filter>
    </ClInclude>
    <ClInclude Include="ModelsFrame.h">
      <Filter>Header Files\Tabbed Frames</Filter>
    </ClInclude>
    <ClInclude Include="PollstersFrame.h">
      <Filter>Header Files\Tabbed Frames</Filter>
    </ClInclude>
    <ClInclude Include="PollsFrame.h">
      <Filter>Header Files\Tabbed Frames</Filter>
    </ClInclude>
    <ClInclude Include="PartiesFrame.h">
      <Filter>Header Files\Tabbed Frames</Filter>
    </ClInclude>
    <ClInclude Include="ParentFrame.h">
      <Filter>Header Files</Filter>
    </ClInclude>
    <ClInclude Include="EditModelFrame.h">
      <Filter>Header Files\Dialog Boxes</Filter>
    </ClInclude>
    <ClInclude Include="EditPartyFrame.h">
      <Filter>Header Files\Dialog Boxes</Filter>
    </ClInclude>
    <ClInclude Include="EditPollFrame.h">
      <Filter>Header Files\Dialog Boxes</Filter>
    </ClInclude>
    <ClInclude Include="EditPollsterFrame.h">
      <Filter>Header Files\Dialog Boxes</Filter>
    </ClInclude>
    <ClInclude Include="PartySettingsFrame.h">
      <Filter>Header Files\Dialog Boxes</Filter>
    </ClInclude>
    <ClInclude Include="NewProjectFrame.h">
      <Filter>Header Files\Dialog Boxes</Filter>
    </ClInclude>
    <ClInclude Include="Party.h">
      <Filter>Header Files\Data Objects</Filter>
    </ClInclude>
    <ClInclude Include="Poll.h">
      <Filter>Header Files\Data Objects</Filter>
    </ClInclude>
    <ClInclude Include="Pollster.h">
      <Filter>Header Files\Data Objects</Filter>
    </ClInclude>
    <ClInclude Include="ProjectionsFrame.h">
      <Filter>Header Files\Tabbed Frames</Filter>
    </ClInclude>
    <ClInclude Include="EditProjectionFrame.h">
      <Filter>Header Files\Dialog Boxes</Filter>
    </ClInclude>
    <ClInclude Include="RegionsFrame.h">
      <Filter>Header Files\Tabbed Frames</Filter>
    </ClInclude>
    <ClInclude Include="Region.h">
      <Filter>Header Files\Data Objects</Filter>
    </ClInclude>
    <ClInclude Include="EditRegionFrame.h">
      <Filter>Header Files\Dialog Boxes</Filter>
    </ClInclude>
    <ClInclude Include="SeatsFrame.h">
      <Filter>Header Files\Tabbed Frames</Filter>
    </ClInclude>
    <ClInclude Include="Seat.h">
      <Filter>Header Files\Data Objects</Filter>
    </ClInclude>
    <ClInclude Include="EditSeatFrame.h">
      <Filter>Header Files\Dialog Boxes</Filter>
    </ClInclude>
    <ClInclude Include="SimulationsFrame.h">
      <Filter>Header Files\Tabbed Frames</Filter>
    </ClInclude>
    <ClInclude Include="EditSimulationFrame.h">
      <Filter>Header Files\Dialog Boxes</Filter>
    </ClInclude>
    <ClInclude Include="DisplayFrame.h">
      <Filter>Header Files\Tabbed Frames</Filter>
    </ClInclude>
    <ClInclude Include="ResultsFrame.h">
      <Filter>Header Files\Tabbed Frames</Filter>
    </ClInclude>
    <ClInclude Include="NonClassicFrame.h">
      <Filter>Header Files\Dialog Boxes</Filter>
    </ClInclude>
    <ClInclude Include="unzip.h">
      <Filter>Header Files\Utility</Filter>
    </ClInclude>
    <ClInclude Include="CountProgress.h">
      <Filter>Header Files\Utility</Filter>
    </ClInclude>
    <ClInclude Include="General.h">
      <Filter>Header Files\Utility</Filter>
    </ClInclude>
    <ClInclude Include="ResultsDownloader.h">
      <Filter>Header Files\Utility</Filter>
    </ClInclude>
    <ClInclude Include="DownloadFrame.h">
      <Filter>Header Files\Tabbed Frames</Filter>
    </ClInclude>
    <ClInclude Include="PreviousElectionDataRetriever.h">
      <Filter>Header Files\Data Processing</Filter>
    </ClInclude>
    <ClInclude Include="RegexNavigation.h">
      <Filter>Header Files\Utility</Filter>
    </ClInclude>
    <ClInclude Include="ElectionData.h">
      <Filter>Header Files\Data Objects</Filter>
    </ClInclude>
    <ClInclude Include="PreloadDataRetriever.h">
      <Filter>Header Files\Data Processing</Filter>
    </ClInclude>
    <ClInclude Include="LatestResultsDataRetriever.h">
      <Filter>Header Files\Data Processing</Filter>
    </ClInclude>
    <ClInclude Include="Log.h">
      <Filter>Header Files\Utility</Filter>
    </ClInclude>
    <ClInclude Include="MapFrame.h">
      <Filter>Header Files\Tabbed Frames</Filter>
    </ClInclude>
    <ClInclude Include="Points.h">
      <Filter>Header Files\Utility</Filter>
    </ClInclude>
    <ClInclude Include="MiscGeometry.h">
      <Filter>Header Files</Filter>
    </ClInclude>
    <ClInclude Include="PartyCollection.h">
      <Filter>Header Files\Project Sections</Filter>
    </ClInclude>
    <ClInclude Include="TextInput.h">
      <Filter>Header Files\Dialog Boxes</Filter>
    </ClInclude>
    <ClInclude Include="FloatInput.h">
      <Filter>Header Files\Dialog Boxes</Filter>
    </ClInclude>
    <ClInclude Include="ColourInput.h">
      <Filter>Header Files\Dialog Boxes</Filter>
    </ClInclude>
    <ClInclude Include="ChoiceInput.h">
      <Filter>Header Files\Dialog Boxes</Filter>
    </ClInclude>
    <ClInclude Include="InputGeneral.h">
      <Filter>Header Files\Dialog Boxes</Filter>
    </ClInclude>
    <ClInclude Include="CheckInput.h">
      <Filter>Header Files\Dialog Boxes</Filter>
    </ClInclude>
    <ClInclude Include="PollsterCollection.h">
      <Filter>Header Files\Project Sections</Filter>
    </ClInclude>
    <ClInclude Include="PollCollection.h">
      <Filter>Header Files\Project Sections</Filter>
    </ClInclude>
    <ClInclude Include="IntInput.h">
      <Filter>Header Files\Dialog Boxes</Filter>
    </ClInclude>
    <ClInclude Include="ModelCollection.h">
      <Filter>Header Files\Project Sections</Filter>
    </ClInclude>
    <ClInclude Include="DateInput.h">
      <Filter>Header Files\Dialog Boxes</Filter>
    </ClInclude>
    <ClInclude Include="ProjectionCollection.h">
      <Filter>Header Files\Project Sections</Filter>
    </ClInclude>
    <ClInclude Include="RegionCollection.h">
      <Filter>Header Files\Project Sections</Filter>
    </ClInclude>
    <ClInclude Include="SeatCollection.h">
      <Filter>Header Files\Project Sections</Filter>
    </ClInclude>
    <ClInclude Include="SimulationCollection.h">
      <Filter>Header Files\Project Sections</Filter>
    </ClInclude>
    <ClInclude Include="DisplayFrameRenderer.h">
      <Filter>Header Files\Tabbed Frames</Filter>
    </ClInclude>
    <ClInclude Include="QuickTest.h">
      <Filter>Header Files</Filter>
    </ClInclude>
    <ClInclude Include="Projection.h">
      <Filter>Header Files\Process Objects</Filter>
    </ClInclude>
    <ClInclude Include="Simulation.h">
      <Filter>Header Files\Process Objects</Filter>
    </ClInclude>
    <ClInclude Include="SimulationPreparation.h">
      <Filter>Header Files\Process Objects</Filter>
    </ClInclude>
    <ClInclude Include="SimulationRun.h">
      <Filter>Header Files\Process Objects</Filter>
    </ClInclude>
    <ClInclude Include="SimulationIteration.h">
      <Filter>Header Files\Process Objects</Filter>
    </ClInclude>
    <ClInclude Include="SimulationCompletion.h">
      <Filter>Header Files\Process Objects</Filter>
    </ClInclude>
    <ClInclude Include="ResultCoordinator.h">
      <Filter>Header Files\Project Sections</Filter>
    </ClInclude>
    <ClInclude Include="ProjectFiler.h">
      <Filter>Header Files\Project Sections</Filter>
    </ClInclude>
    <ClInclude Include="OutcomeCollection.h">
      <Filter>Header Files\Project Sections</Filter>
    </ClInclude>
    <ClInclude Include="Outcome.h">
      <Filter>Header Files\Data Objects</Filter>
    </ClInclude>
    <ClInclude Include="SaveIO.h">
      <Filter>Header Files\Utility</Filter>
    </ClInclude>
    <ClInclude Include="C:\C++ Libraries\TinyXml2\tinyxml2-master\tinyxml2.h">
      <Filter>Header Files\Utility</Filter>
    </ClInclude>
    <ClInclude Include="ElectionCollection.h">
      <Filter>Header Files\Project Sections</Filter>
    </ClInclude>
    <ClInclude Include="AnalysisFrame.h">
      <Filter>Header Files\Tabbed Frames</Filter>
    </ClInclude>
    <ClInclude Include="ElectionAnalyser.h">
      <Filter>Header Files\Process Objects\Election Analysis</Filter>
    </ClInclude>
    <ClInclude Include="PartiesAnalyser.h">
      <Filter>Header Files\Process Objects\Election Analysis</Filter>
    </ClInclude>
    <ClInclude Include="AnalysisFrameRenderer.h">
      <Filter>Header Files\Tabbed Frames</Filter>
    </ClInclude>
    <ClInclude Include="SwingAnalyser.h">
      <Filter>Header Files\Process Objects\Election Analysis</Filter>
    </ClInclude>
    <ClInclude Include="ClusterAnalyser.h">
      <Filter>Header Files\Process Objects\Election Analysis</Filter>
    </ClInclude>
    <ClInclude Include="OrthogonalRegression.h">
      <Filter>Header Files\Utility</Filter>
    </ClInclude>
    <ClInclude Include="StanModel.h">
      <Filter>Header Files\Process Objects</Filter>
    </ClInclude>
    <ClInclude Include="RandomGenerator.h">
      <Filter>Header Files\Utility</Filter>
    </ClInclude>
    <ClInclude Include="SpecialPartyCodes.h">
      <Filter>Header Files\Utility</Filter>
    </ClInclude>
    <ClInclude Include="Config.h">
      <Filter>Header Files\Project Sections</Filter>
    </ClInclude>
    <ClInclude Include="ReportUploader.h">
      <Filter>Header Files\Process Objects</Filter>
    </ClInclude>
    <ClInclude Include="json.h">
      <Filter>Header Files\Utility</Filter>
    </ClInclude>
    <ClInclude Include="VisualiserFrame.h">
      <Filter>Header Files\Utility</Filter>
    </ClInclude>
    <ClInclude Include="MacroRunner.h">
      <Filter>Header Files\Process Objects</Filter>
    </ClInclude>
    <ClInclude Include="Beep.h">
      <Filter>Header Files\Utility</Filter>
    </ClInclude>
    <ClInclude Include="LinearRegression.h">
      <Filter>Header Files\Data Processing</Filter>
    </ClInclude>
    <ClInclude Include="LivePreparation.h">
      <Filter>Header Files\Process Objects</Filter>
    </ClInclude>
  </ItemGroup>
  <ItemGroup>
    <Image Include="bitmaps\plus.bmp" />
  </ItemGroup>
</Project>